
Microsoft Visual Studio Solution File, Format Version 12.00
# Visual Studio 14
VisualStudioVersion = 14.0.25420.1
MinimumVisualStudioVersion = 10.0.40219.1
Project("{FAE04EC0-301F-11D3-BF4B-00C04F79EFBC}") = "RideSafe.Droid", "RideSafe\RideSafe.Droid\RideSafe.Droid.csproj", "{E4A3D5A4-9FC6-4E79-98D9-BFA1BE297C88}"
EndProject
Project("{FAE04EC0-301F-11D3-BF4B-00C04F79EFBC}") = "RideSafe.iOS", "RideSafe\RideSafe.iOS\RideSafe.iOS.csproj", "{E02482AD-ECB0-4401-890D-B491455430AB}"
EndProject
Project("{FAE04EC0-301F-11D3-BF4B-00C04F79EFBC}") = "RideSafe.WinPhone", "RideSafe\RideSafe.WinPhone\RideSafe.WinPhone.csproj", "{112F6DE4-FDE7-44C7-884F-DFA7F95670C0}"
EndProject
Project("{FAE04EC0-301F-11D3-BF4B-00C04F79EFBC}") = "RideSafe.UWP", "RideSafe\RideSafe.UWP\RideSafe.UWP.csproj", "{3A48E77D-E401-4F7E-A587-1378860FE6EF}"
EndProject
Project("{FAE04EC0-301F-11D3-BF4B-00C04F79EFBC}") = "RideSafe.Windows", "RideSafe\RideSafe.Windows\RideSafe.Windows.csproj", "{704D57C4-8E23-4B49-9546-91F2BE84FCFB}"
EndProject
Project("{D954291E-2A0B-460D-934E-DC6B0785DB48}") = "RideSafe", "RideSafe\RideSafe\RideSafe.shproj", "{E8A185E5-B5D2-458F-9837-EF20B601AA19}"
EndProject
Global
	GlobalSection(SharedMSBuildProjectFiles) = preSolution
		RideSafe\RideSafe\RideSafe.projitems*{e8a185e5-b5d2-458f-9837-ef20b601aa19}*SharedItemsImports = 13
	EndGlobalSection
	GlobalSection(SolutionConfigurationPlatforms) = preSolution
		Ad-Hoc|Any CPU = Ad-Hoc|Any CPU
		Ad-Hoc|ARM = Ad-Hoc|ARM
		Ad-Hoc|iPhone = Ad-Hoc|iPhone
		Ad-Hoc|iPhoneSimulator = Ad-Hoc|iPhoneSimulator
		Ad-Hoc|x64 = Ad-Hoc|x64
		Ad-Hoc|x86 = Ad-Hoc|x86
		AppStore|Any CPU = AppStore|Any CPU
		AppStore|ARM = AppStore|ARM
		AppStore|iPhone = AppStore|iPhone
		AppStore|iPhoneSimulator = AppStore|iPhoneSimulator
		AppStore|x64 = AppStore|x64
		AppStore|x86 = AppStore|x86
		Debug|Any CPU = Debug|Any CPU
		Debug|ARM = Debug|ARM
		Debug|iPhone = Debug|iPhone
		Debug|iPhoneSimulator = Debug|iPhoneSimulator
		Debug|x64 = Debug|x64
		Debug|x86 = Debug|x86
		Release|Any CPU = Release|Any CPU
		Release|ARM = Release|ARM
		Release|iPhone = Release|iPhone
		Release|iPhoneSimulator = Release|iPhoneSimulator
		Release|x64 = Release|x64
		Release|x86 = Release|x86
	EndGlobalSection
	GlobalSection(ProjectConfigurationPlatforms) = postSolution
		{E4A3D5A4-9FC6-4E79-98D9-BFA1BE297C88}.Ad-Hoc|Any CPU.ActiveCfg = Release|Any CPU
		{E4A3D5A4-9FC6-4E79-98D9-BFA1BE297C88}.Ad-Hoc|Any CPU.Build.0 = Release|Any CPU
		{E4A3D5A4-9FC6-4E79-98D9-BFA1BE297C88}.Ad-Hoc|Any CPU.Deploy.0 = Release|Any CPU
		{E4A3D5A4-9FC6-4E79-98D9-BFA1BE297C88}.Ad-Hoc|ARM.ActiveCfg = Release|Any CPU
		{E4A3D5A4-9FC6-4E79-98D9-BFA1BE297C88}.Ad-Hoc|ARM.Build.0 = Release|Any CPU
		{E4A3D5A4-9FC6-4E79-98D9-BFA1BE297C88}.Ad-Hoc|ARM.Deploy.0 = Release|Any CPU
		{E4A3D5A4-9FC6-4E79-98D9-BFA1BE297C88}.Ad-Hoc|iPhone.ActiveCfg = Release|Any CPU
		{E4A3D5A4-9FC6-4E79-98D9-BFA1BE297C88}.Ad-Hoc|iPhone.Build.0 = Release|Any CPU
		{E4A3D5A4-9FC6-4E79-98D9-BFA1BE297C88}.Ad-Hoc|iPhone.Deploy.0 = Release|Any CPU
		{E4A3D5A4-9FC6-4E79-98D9-BFA1BE297C88}.Ad-Hoc|iPhoneSimulator.ActiveCfg = Release|Any CPU
		{E4A3D5A4-9FC6-4E79-98D9-BFA1BE297C88}.Ad-Hoc|iPhoneSimulator.Build.0 = Release|Any CPU
		{E4A3D5A4-9FC6-4E79-98D9-BFA1BE297C88}.Ad-Hoc|iPhoneSimulator.Deploy.0 = Release|Any CPU
		{E4A3D5A4-9FC6-4E79-98D9-BFA1BE297C88}.Ad-Hoc|x64.ActiveCfg = Release|Any CPU
		{E4A3D5A4-9FC6-4E79-98D9-BFA1BE297C88}.Ad-Hoc|x64.Build.0 = Release|Any CPU
		{E4A3D5A4-9FC6-4E79-98D9-BFA1BE297C88}.Ad-Hoc|x64.Deploy.0 = Release|Any CPU
		{E4A3D5A4-9FC6-4E79-98D9-BFA1BE297C88}.Ad-Hoc|x86.ActiveCfg = Release|Any CPU
		{E4A3D5A4-9FC6-4E79-98D9-BFA1BE297C88}.Ad-Hoc|x86.Build.0 = Release|Any CPU
		{E4A3D5A4-9FC6-4E79-98D9-BFA1BE297C88}.Ad-Hoc|x86.Deploy.0 = Release|Any CPU
		{E4A3D5A4-9FC6-4E79-98D9-BFA1BE297C88}.AppStore|Any CPU.ActiveCfg = Release|Any CPU
		{E4A3D5A4-9FC6-4E79-98D9-BFA1BE297C88}.AppStore|Any CPU.Build.0 = Release|Any CPU
		{E4A3D5A4-9FC6-4E79-98D9-BFA1BE297C88}.AppStore|Any CPU.Deploy.0 = Release|Any CPU
		{E4A3D5A4-9FC6-4E79-98D9-BFA1BE297C88}.AppStore|ARM.ActiveCfg = Release|Any CPU
		{E4A3D5A4-9FC6-4E79-98D9-BFA1BE297C88}.AppStore|ARM.Build.0 = Release|Any CPU
		{E4A3D5A4-9FC6-4E79-98D9-BFA1BE297C88}.AppStore|ARM.Deploy.0 = Release|Any CPU
		{E4A3D5A4-9FC6-4E79-98D9-BFA1BE297C88}.AppStore|iPhone.ActiveCfg = Release|Any CPU
		{E4A3D5A4-9FC6-4E79-98D9-BFA1BE297C88}.AppStore|iPhone.Build.0 = Release|Any CPU
		{E4A3D5A4-9FC6-4E79-98D9-BFA1BE297C88}.AppStore|iPhone.Deploy.0 = Release|Any CPU
		{E4A3D5A4-9FC6-4E79-98D9-BFA1BE297C88}.AppStore|iPhoneSimulator.ActiveCfg = Release|Any CPU
		{E4A3D5A4-9FC6-4E79-98D9-BFA1BE297C88}.AppStore|iPhoneSimulator.Build.0 = Release|Any CPU
		{E4A3D5A4-9FC6-4E79-98D9-BFA1BE297C88}.AppStore|iPhoneSimulator.Deploy.0 = Release|Any CPU
		{E4A3D5A4-9FC6-4E79-98D9-BFA1BE297C88}.AppStore|x64.ActiveCfg = Release|Any CPU
		{E4A3D5A4-9FC6-4E79-98D9-BFA1BE297C88}.AppStore|x64.Build.0 = Release|Any CPU
		{E4A3D5A4-9FC6-4E79-98D9-BFA1BE297C88}.AppStore|x64.Deploy.0 = Release|Any CPU
		{E4A3D5A4-9FC6-4E79-98D9-BFA1BE297C88}.AppStore|x86.ActiveCfg = Release|Any CPU
		{E4A3D5A4-9FC6-4E79-98D9-BFA1BE297C88}.AppStore|x86.Build.0 = Release|Any CPU
		{E4A3D5A4-9FC6-4E79-98D9-BFA1BE297C88}.AppStore|x86.Deploy.0 = Release|Any CPU
		{E4A3D5A4-9FC6-4E79-98D9-BFA1BE297C88}.Debug|Any CPU.ActiveCfg = Debug|Any CPU
		{E4A3D5A4-9FC6-4E79-98D9-BFA1BE297C88}.Debug|Any CPU.Build.0 = Debug|Any CPU
		{E4A3D5A4-9FC6-4E79-98D9-BFA1BE297C88}.Debug|Any CPU.Deploy.0 = Debug|Any CPU
		{E4A3D5A4-9FC6-4E79-98D9-BFA1BE297C88}.Debug|ARM.ActiveCfg = Debug|Any CPU
		{E4A3D5A4-9FC6-4E79-98D9-BFA1BE297C88}.Debug|ARM.Build.0 = Debug|Any CPU
		{E4A3D5A4-9FC6-4E79-98D9-BFA1BE297C88}.Debug|ARM.Deploy.0 = Debug|Any CPU
		{E4A3D5A4-9FC6-4E79-98D9-BFA1BE297C88}.Debug|iPhone.ActiveCfg = Debug|Any CPU
		{E4A3D5A4-9FC6-4E79-98D9-BFA1BE297C88}.Debug|iPhone.Build.0 = Debug|Any CPU
		{E4A3D5A4-9FC6-4E79-98D9-BFA1BE297C88}.Debug|iPhone.Deploy.0 = Debug|Any CPU
		{E4A3D5A4-9FC6-4E79-98D9-BFA1BE297C88}.Debug|iPhoneSimulator.ActiveCfg = Debug|Any CPU
		{E4A3D5A4-9FC6-4E79-98D9-BFA1BE297C88}.Debug|iPhoneSimulator.Build.0 = Debug|Any CPU
		{E4A3D5A4-9FC6-4E79-98D9-BFA1BE297C88}.Debug|iPhoneSimulator.Deploy.0 = Debug|Any CPU
		{E4A3D5A4-9FC6-4E79-98D9-BFA1BE297C88}.Debug|x64.ActiveCfg = Debug|Any CPU
		{E4A3D5A4-9FC6-4E79-98D9-BFA1BE297C88}.Debug|x64.Build.0 = Debug|Any CPU
		{E4A3D5A4-9FC6-4E79-98D9-BFA1BE297C88}.Debug|x64.Deploy.0 = Debug|Any CPU
		{E4A3D5A4-9FC6-4E79-98D9-BFA1BE297C88}.Debug|x86.ActiveCfg = Debug|Any CPU
		{E4A3D5A4-9FC6-4E79-98D9-BFA1BE297C88}.Debug|x86.Build.0 = Debug|Any CPU
		{E4A3D5A4-9FC6-4E79-98D9-BFA1BE297C88}.Debug|x86.Deploy.0 = Debug|Any CPU
		{E4A3D5A4-9FC6-4E79-98D9-BFA1BE297C88}.Release|Any CPU.ActiveCfg = Release|Any CPU
		{E4A3D5A4-9FC6-4E79-98D9-BFA1BE297C88}.Release|Any CPU.Build.0 = Release|Any CPU
		{E4A3D5A4-9FC6-4E79-98D9-BFA1BE297C88}.Release|Any CPU.Deploy.0 = Release|Any CPU
		{E4A3D5A4-9FC6-4E79-98D9-BFA1BE297C88}.Release|ARM.ActiveCfg = Release|Any CPU
		{E4A3D5A4-9FC6-4E79-98D9-BFA1BE297C88}.Release|ARM.Build.0 = Release|Any CPU
		{E4A3D5A4-9FC6-4E79-98D9-BFA1BE297C88}.Release|ARM.Deploy.0 = Release|Any CPU
		{E4A3D5A4-9FC6-4E79-98D9-BFA1BE297C88}.Release|iPhone.ActiveCfg = Release|Any CPU
		{E4A3D5A4-9FC6-4E79-98D9-BFA1BE297C88}.Release|iPhone.Build.0 = Release|Any CPU
		{E4A3D5A4-9FC6-4E79-98D9-BFA1BE297C88}.Release|iPhone.Deploy.0 = Release|Any CPU
		{E4A3D5A4-9FC6-4E79-98D9-BFA1BE297C88}.Release|iPhoneSimulator.ActiveCfg = Release|Any CPU
		{E4A3D5A4-9FC6-4E79-98D9-BFA1BE297C88}.Release|iPhoneSimulator.Build.0 = Release|Any CPU
		{E4A3D5A4-9FC6-4E79-98D9-BFA1BE297C88}.Release|iPhoneSimulator.Deploy.0 = Release|Any CPU
		{E4A3D5A4-9FC6-4E79-98D9-BFA1BE297C88}.Release|x64.ActiveCfg = Release|Any CPU
		{E4A3D5A4-9FC6-4E79-98D9-BFA1BE297C88}.Release|x64.Build.0 = Release|Any CPU
		{E4A3D5A4-9FC6-4E79-98D9-BFA1BE297C88}.Release|x64.Deploy.0 = Release|Any CPU
		{E4A3D5A4-9FC6-4E79-98D9-BFA1BE297C88}.Release|x86.ActiveCfg = Release|Any CPU
		{E4A3D5A4-9FC6-4E79-98D9-BFA1BE297C88}.Release|x86.Build.0 = Release|Any CPU
		{E4A3D5A4-9FC6-4E79-98D9-BFA1BE297C88}.Release|x86.Deploy.0 = Release|Any CPU
		{E02482AD-ECB0-4401-890D-B491455430AB}.Ad-Hoc|Any CPU.ActiveCfg = Ad-Hoc|iPhone
		{E02482AD-ECB0-4401-890D-B491455430AB}.Ad-Hoc|ARM.ActiveCfg = Ad-Hoc|iPhone
		{E02482AD-ECB0-4401-890D-B491455430AB}.Ad-Hoc|iPhone.ActiveCfg = Ad-Hoc|iPhone
		{E02482AD-ECB0-4401-890D-B491455430AB}.Ad-Hoc|iPhone.Build.0 = Ad-Hoc|iPhone
		{E02482AD-ECB0-4401-890D-B491455430AB}.Ad-Hoc|iPhoneSimulator.ActiveCfg = Ad-Hoc|iPhoneSimulator
		{E02482AD-ECB0-4401-890D-B491455430AB}.Ad-Hoc|iPhoneSimulator.Build.0 = Ad-Hoc|iPhoneSimulator
		{E02482AD-ECB0-4401-890D-B491455430AB}.Ad-Hoc|x64.ActiveCfg = Ad-Hoc|iPhone
		{E02482AD-ECB0-4401-890D-B491455430AB}.Ad-Hoc|x86.ActiveCfg = Ad-Hoc|iPhone
		{E02482AD-ECB0-4401-890D-B491455430AB}.AppStore|Any CPU.ActiveCfg = AppStore|iPhone
		{E02482AD-ECB0-4401-890D-B491455430AB}.AppStore|ARM.ActiveCfg = AppStore|iPhone
		{E02482AD-ECB0-4401-890D-B491455430AB}.AppStore|iPhone.ActiveCfg = AppStore|iPhone
		{E02482AD-ECB0-4401-890D-B491455430AB}.AppStore|iPhone.Build.0 = AppStore|iPhone
		{E02482AD-ECB0-4401-890D-B491455430AB}.AppStore|iPhoneSimulator.ActiveCfg = AppStore|iPhoneSimulator
		{E02482AD-ECB0-4401-890D-B491455430AB}.AppStore|iPhoneSimulator.Build.0 = AppStore|iPhoneSimulator
		{E02482AD-ECB0-4401-890D-B491455430AB}.AppStore|x64.ActiveCfg = AppStore|iPhone
		{E02482AD-ECB0-4401-890D-B491455430AB}.AppStore|x86.ActiveCfg = AppStore|iPhone
		{E02482AD-ECB0-4401-890D-B491455430AB}.Debug|Any CPU.ActiveCfg = Debug|iPhone
		{E02482AD-ECB0-4401-890D-B491455430AB}.Debug|ARM.ActiveCfg = Debug|iPhone
		{E02482AD-ECB0-4401-890D-B491455430AB}.Debug|iPhone.ActiveCfg = Debug|iPhone
		{E02482AD-ECB0-4401-890D-B491455430AB}.Debug|iPhone.Build.0 = Debug|iPhone
		{E02482AD-ECB0-4401-890D-B491455430AB}.Debug|iPhoneSimulator.ActiveCfg = Debug|iPhoneSimulator
		{E02482AD-ECB0-4401-890D-B491455430AB}.Debug|iPhoneSimulator.Build.0 = Debug|iPhoneSimulator
		{E02482AD-ECB0-4401-890D-B491455430AB}.Debug|x64.ActiveCfg = Debug|iPhone
		{E02482AD-ECB0-4401-890D-B491455430AB}.Debug|x86.ActiveCfg = Debug|iPhone
		{E02482AD-ECB0-4401-890D-B491455430AB}.Release|Any CPU.ActiveCfg = Release|iPhone
		{E02482AD-ECB0-4401-890D-B491455430AB}.Release|ARM.ActiveCfg = Release|iPhone
		{E02482AD-ECB0-4401-890D-B491455430AB}.Release|iPhone.ActiveCfg = Release|iPhone
		{E02482AD-ECB0-4401-890D-B491455430AB}.Release|iPhone.Build.0 = Release|iPhone
		{E02482AD-ECB0-4401-890D-B491455430AB}.Release|iPhoneSimulator.ActiveCfg = Release|iPhoneSimulator
		{E02482AD-ECB0-4401-890D-B491455430AB}.Release|iPhoneSimulator.Build.0 = Release|iPhoneSimulator
		{E02482AD-ECB0-4401-890D-B491455430AB}.Release|x64.ActiveCfg = Release|iPhone
		{E02482AD-ECB0-4401-890D-B491455430AB}.Release|x86.ActiveCfg = Release|iPhone
		{112F6DE4-FDE7-44C7-884F-DFA7F95670C0}.Ad-Hoc|Any CPU.ActiveCfg = Release|Any CPU
		{112F6DE4-FDE7-44C7-884F-DFA7F95670C0}.Ad-Hoc|Any CPU.Build.0 = Release|Any CPU
		{112F6DE4-FDE7-44C7-884F-DFA7F95670C0}.Ad-Hoc|Any CPU.Deploy.0 = Release|Any CPU
		{112F6DE4-FDE7-44C7-884F-DFA7F95670C0}.Ad-Hoc|ARM.ActiveCfg = Release|ARM
		{112F6DE4-FDE7-44C7-884F-DFA7F95670C0}.Ad-Hoc|ARM.Build.0 = Release|ARM
		{112F6DE4-FDE7-44C7-884F-DFA7F95670C0}.Ad-Hoc|ARM.Deploy.0 = Release|ARM
		{112F6DE4-FDE7-44C7-884F-DFA7F95670C0}.Ad-Hoc|iPhone.ActiveCfg = Release|Any CPU
		{112F6DE4-FDE7-44C7-884F-DFA7F95670C0}.Ad-Hoc|iPhone.Build.0 = Release|Any CPU
		{112F6DE4-FDE7-44C7-884F-DFA7F95670C0}.Ad-Hoc|iPhone.Deploy.0 = Release|Any CPU
		{112F6DE4-FDE7-44C7-884F-DFA7F95670C0}.Ad-Hoc|iPhoneSimulator.ActiveCfg = Release|Any CPU
		{112F6DE4-FDE7-44C7-884F-DFA7F95670C0}.Ad-Hoc|iPhoneSimulator.Build.0 = Release|Any CPU
		{112F6DE4-FDE7-44C7-884F-DFA7F95670C0}.Ad-Hoc|iPhoneSimulator.Deploy.0 = Release|Any CPU
		{112F6DE4-FDE7-44C7-884F-DFA7F95670C0}.Ad-Hoc|x64.ActiveCfg = Release|Any CPU
		{112F6DE4-FDE7-44C7-884F-DFA7F95670C0}.Ad-Hoc|x64.Build.0 = Release|Any CPU
		{112F6DE4-FDE7-44C7-884F-DFA7F95670C0}.Ad-Hoc|x64.Deploy.0 = Release|Any CPU
		{112F6DE4-FDE7-44C7-884F-DFA7F95670C0}.Ad-Hoc|x86.ActiveCfg = Release|x86
		{112F6DE4-FDE7-44C7-884F-DFA7F95670C0}.Ad-Hoc|x86.Build.0 = Release|x86
		{112F6DE4-FDE7-44C7-884F-DFA7F95670C0}.Ad-Hoc|x86.Deploy.0 = Release|x86
		{112F6DE4-FDE7-44C7-884F-DFA7F95670C0}.AppStore|Any CPU.ActiveCfg = Release|Any CPU
		{112F6DE4-FDE7-44C7-884F-DFA7F95670C0}.AppStore|Any CPU.Build.0 = Release|Any CPU
		{112F6DE4-FDE7-44C7-884F-DFA7F95670C0}.AppStore|Any CPU.Deploy.0 = Release|Any CPU
		{112F6DE4-FDE7-44C7-884F-DFA7F95670C0}.AppStore|ARM.ActiveCfg = Release|ARM
		{112F6DE4-FDE7-44C7-884F-DFA7F95670C0}.AppStore|ARM.Build.0 = Release|ARM
		{112F6DE4-FDE7-44C7-884F-DFA7F95670C0}.AppStore|ARM.Deploy.0 = Release|ARM
		{112F6DE4-FDE7-44C7-884F-DFA7F95670C0}.AppStore|iPhone.ActiveCfg = Release|Any CPU
		{112F6DE4-FDE7-44C7-884F-DFA7F95670C0}.AppStore|iPhone.Build.0 = Release|Any CPU
		{112F6DE4-FDE7-44C7-884F-DFA7F95670C0}.AppStore|iPhone.Deploy.0 = Release|Any CPU
		{112F6DE4-FDE7-44C7-884F-DFA7F95670C0}.AppStore|iPhoneSimulator.ActiveCfg = Release|Any CPU
		{112F6DE4-FDE7-44C7-884F-DFA7F95670C0}.AppStore|iPhoneSimulator.Build.0 = Release|Any CPU
		{112F6DE4-FDE7-44C7-884F-DFA7F95670C0}.AppStore|iPhoneSimulator.Deploy.0 = Release|Any CPU
		{112F6DE4-FDE7-44C7-884F-DFA7F95670C0}.AppStore|x64.ActiveCfg = Release|Any CPU
		{112F6DE4-FDE7-44C7-884F-DFA7F95670C0}.AppStore|x64.Build.0 = Release|Any CPU
		{112F6DE4-FDE7-44C7-884F-DFA7F95670C0}.AppStore|x64.Deploy.0 = Release|Any CPU
		{112F6DE4-FDE7-44C7-884F-DFA7F95670C0}.AppStore|x86.ActiveCfg = Release|x86
		{112F6DE4-FDE7-44C7-884F-DFA7F95670C0}.AppStore|x86.Build.0 = Release|x86
		{112F6DE4-FDE7-44C7-884F-DFA7F95670C0}.AppStore|x86.Deploy.0 = Release|x86
		{112F6DE4-FDE7-44C7-884F-DFA7F95670C0}.Debug|Any CPU.ActiveCfg = Debug|Any CPU
		{112F6DE4-FDE7-44C7-884F-DFA7F95670C0}.Debug|Any CPU.Build.0 = Debug|Any CPU
		{112F6DE4-FDE7-44C7-884F-DFA7F95670C0}.Debug|Any CPU.Deploy.0 = Debug|Any CPU
		{112F6DE4-FDE7-44C7-884F-DFA7F95670C0}.Debug|ARM.ActiveCfg = Debug|ARM
		{112F6DE4-FDE7-44C7-884F-DFA7F95670C0}.Debug|ARM.Build.0 = Debug|ARM
		{112F6DE4-FDE7-44C7-884F-DFA7F95670C0}.Debug|ARM.Deploy.0 = Debug|ARM
		{112F6DE4-FDE7-44C7-884F-DFA7F95670C0}.Debug|iPhone.ActiveCfg = Debug|Any CPU
		{112F6DE4-FDE7-44C7-884F-DFA7F95670C0}.Debug|iPhone.Build.0 = Debug|Any CPU
		{112F6DE4-FDE7-44C7-884F-DFA7F95670C0}.Debug|iPhone.Deploy.0 = Debug|Any CPU
		{112F6DE4-FDE7-44C7-884F-DFA7F95670C0}.Debug|iPhoneSimulator.ActiveCfg = Debug|Any CPU
		{112F6DE4-FDE7-44C7-884F-DFA7F95670C0}.Debug|iPhoneSimulator.Build.0 = Debug|Any CPU
		{112F6DE4-FDE7-44C7-884F-DFA7F95670C0}.Debug|iPhoneSimulator.Deploy.0 = Debug|Any CPU
		{112F6DE4-FDE7-44C7-884F-DFA7F95670C0}.Debug|x64.ActiveCfg = Debug|Any CPU
		{112F6DE4-FDE7-44C7-884F-DFA7F95670C0}.Debug|x64.Build.0 = Debug|Any CPU
		{112F6DE4-FDE7-44C7-884F-DFA7F95670C0}.Debug|x64.Deploy.0 = Debug|Any CPU
		{112F6DE4-FDE7-44C7-884F-DFA7F95670C0}.Debug|x86.ActiveCfg = Debug|x86
		{112F6DE4-FDE7-44C7-884F-DFA7F95670C0}.Debug|x86.Build.0 = Debug|x86
		{112F6DE4-FDE7-44C7-884F-DFA7F95670C0}.Debug|x86.Deploy.0 = Debug|x86
		{112F6DE4-FDE7-44C7-884F-DFA7F95670C0}.Release|Any CPU.ActiveCfg = Release|Any CPU
		{112F6DE4-FDE7-44C7-884F-DFA7F95670C0}.Release|Any CPU.Build.0 = Release|Any CPU
		{112F6DE4-FDE7-44C7-884F-DFA7F95670C0}.Release|Any CPU.Deploy.0 = Release|Any CPU
		{112F6DE4-FDE7-44C7-884F-DFA7F95670C0}.Release|ARM.ActiveCfg = Release|ARM
		{112F6DE4-FDE7-44C7-884F-DFA7F95670C0}.Release|ARM.Build.0 = Release|ARM
		{112F6DE4-FDE7-44C7-884F-DFA7F95670C0}.Release|ARM.Deploy.0 = Release|ARM
		{112F6DE4-FDE7-44C7-884F-DFA7F95670C0}.Release|iPhone.ActiveCfg = Release|Any CPU
		{112F6DE4-FDE7-44C7-884F-DFA7F95670C0}.Release|iPhone.Build.0 = Release|Any CPU
		{112F6DE4-FDE7-44C7-884F-DFA7F95670C0}.Release|iPhone.Deploy.0 = Release|Any CPU
		{112F6DE4-FDE7-44C7-884F-DFA7F95670C0}.Release|iPhoneSimulator.ActiveCfg = Release|Any CPU
		{112F6DE4-FDE7-44C7-884F-DFA7F95670C0}.Release|iPhoneSimulator.Build.0 = Release|Any CPU
		{112F6DE4-FDE7-44C7-884F-DFA7F95670C0}.Release|iPhoneSimulator.Deploy.0 = Release|Any CPU
		{112F6DE4-FDE7-44C7-884F-DFA7F95670C0}.Release|x64.ActiveCfg = Release|Any CPU
		{112F6DE4-FDE7-44C7-884F-DFA7F95670C0}.Release|x64.Build.0 = Release|Any CPU
		{112F6DE4-FDE7-44C7-884F-DFA7F95670C0}.Release|x64.Deploy.0 = Release|Any CPU
		{112F6DE4-FDE7-44C7-884F-DFA7F95670C0}.Release|x86.ActiveCfg = Release|x86
		{112F6DE4-FDE7-44C7-884F-DFA7F95670C0}.Release|x86.Build.0 = Release|x86
		{112F6DE4-FDE7-44C7-884F-DFA7F95670C0}.Release|x86.Deploy.0 = Release|x86
		{3A48E77D-E401-4F7E-A587-1378860FE6EF}.Ad-Hoc|Any CPU.ActiveCfg = Release|x86
		{3A48E77D-E401-4F7E-A587-1378860FE6EF}.Ad-Hoc|Any CPU.Build.0 = Release|x86
		{3A48E77D-E401-4F7E-A587-1378860FE6EF}.Ad-Hoc|Any CPU.Deploy.0 = Release|x86
		{3A48E77D-E401-4F7E-A587-1378860FE6EF}.Ad-Hoc|ARM.ActiveCfg = Release|ARM
		{3A48E77D-E401-4F7E-A587-1378860FE6EF}.Ad-Hoc|ARM.Build.0 = Release|ARM
		{3A48E77D-E401-4F7E-A587-1378860FE6EF}.Ad-Hoc|ARM.Deploy.0 = Release|ARM
		{3A48E77D-E401-4F7E-A587-1378860FE6EF}.Ad-Hoc|iPhone.ActiveCfg = Release|x86
		{3A48E77D-E401-4F7E-A587-1378860FE6EF}.Ad-Hoc|iPhone.Build.0 = Release|x86
		{3A48E77D-E401-4F7E-A587-1378860FE6EF}.Ad-Hoc|iPhone.Deploy.0 = Release|x86
		{3A48E77D-E401-4F7E-A587-1378860FE6EF}.Ad-Hoc|iPhoneSimulator.ActiveCfg = Release|x86
		{3A48E77D-E401-4F7E-A587-1378860FE6EF}.Ad-Hoc|iPhoneSimulator.Build.0 = Release|x86
		{3A48E77D-E401-4F7E-A587-1378860FE6EF}.Ad-Hoc|iPhoneSimulator.Deploy.0 = Release|x86
		{3A48E77D-E401-4F7E-A587-1378860FE6EF}.Ad-Hoc|x64.ActiveCfg = Release|x64
		{3A48E77D-E401-4F7E-A587-1378860FE6EF}.Ad-Hoc|x64.Build.0 = Release|x64
		{3A48E77D-E401-4F7E-A587-1378860FE6EF}.Ad-Hoc|x64.Deploy.0 = Release|x64
		{3A48E77D-E401-4F7E-A587-1378860FE6EF}.Ad-Hoc|x86.ActiveCfg = Release|x86
		{3A48E77D-E401-4F7E-A587-1378860FE6EF}.Ad-Hoc|x86.Build.0 = Release|x86
		{3A48E77D-E401-4F7E-A587-1378860FE6EF}.Ad-Hoc|x86.Deploy.0 = Release|x86
		{3A48E77D-E401-4F7E-A587-1378860FE6EF}.AppStore|Any CPU.ActiveCfg = Release|x86
		{3A48E77D-E401-4F7E-A587-1378860FE6EF}.AppStore|Any CPU.Build.0 = Release|x86
		{3A48E77D-E401-4F7E-A587-1378860FE6EF}.AppStore|Any CPU.Deploy.0 = Release|x86
		{3A48E77D-E401-4F7E-A587-1378860FE6EF}.AppStore|ARM.ActiveCfg = Release|ARM
		{3A48E77D-E401-4F7E-A587-1378860FE6EF}.AppStore|ARM.Build.0 = Release|ARM
		{3A48E77D-E401-4F7E-A587-1378860FE6EF}.AppStore|ARM.Deploy.0 = Release|ARM
		{3A48E77D-E401-4F7E-A587-1378860FE6EF}.AppStore|iPhone.ActiveCfg = Release|x86
		{3A48E77D-E401-4F7E-A587-1378860FE6EF}.AppStore|iPhone.Build.0 = Release|x86
		{3A48E77D-E401-4F7E-A587-1378860FE6EF}.AppStore|iPhone.Deploy.0 = Release|x86
		{3A48E77D-E401-4F7E-A587-1378860FE6EF}.AppStore|iPhoneSimulator.ActiveCfg = Release|x86
		{3A48E77D-E401-4F7E-A587-1378860FE6EF}.AppStore|iPhoneSimulator.Build.0 = Release|x86
		{3A48E77D-E401-4F7E-A587-1378860FE6EF}.AppStore|iPhoneSimulator.Deploy.0 = Release|x86
		{3A48E77D-E401-4F7E-A587-1378860FE6EF}.AppStore|x64.ActiveCfg = Release|x64
		{3A48E77D-E401-4F7E-A587-1378860FE6EF}.AppStore|x64.Build.0 = Release|x64
		{3A48E77D-E401-4F7E-A587-1378860FE6EF}.AppStore|x64.Deploy.0 = Release|x64
		{3A48E77D-E401-4F7E-A587-1378860FE6EF}.AppStore|x86.ActiveCfg = Release|x86
		{3A48E77D-E401-4F7E-A587-1378860FE6EF}.AppStore|x86.Build.0 = Release|x86
		{3A48E77D-E401-4F7E-A587-1378860FE6EF}.AppStore|x86.Deploy.0 = Release|x86
		{3A48E77D-E401-4F7E-A587-1378860FE6EF}.Debug|Any CPU.ActiveCfg = Debug|x86
		{3A48E77D-E401-4F7E-A587-1378860FE6EF}.Debug|ARM.ActiveCfg = Debug|ARM
		{3A48E77D-E401-4F7E-A587-1378860FE6EF}.Debug|ARM.Build.0 = Debug|ARM
		{3A48E77D-E401-4F7E-A587-1378860FE6EF}.Debug|ARM.Deploy.0 = Debug|ARM
		{3A48E77D-E401-4F7E-A587-1378860FE6EF}.Debug|iPhone.ActiveCfg = Debug|x86
		{3A48E77D-E401-4F7E-A587-1378860FE6EF}.Debug|iPhoneSimulator.ActiveCfg = Debug|x86
		{3A48E77D-E401-4F7E-A587-1378860FE6EF}.Debug|x64.ActiveCfg = Debug|x64
		{3A48E77D-E401-4F7E-A587-1378860FE6EF}.Debug|x64.Build.0 = Debug|x64
		{3A48E77D-E401-4F7E-A587-1378860FE6EF}.Debug|x64.Deploy.0 = Debug|x64
		{3A48E77D-E401-4F7E-A587-1378860FE6EF}.Debug|x86.ActiveCfg = Debug|x86
		{3A48E77D-E401-4F7E-A587-1378860FE6EF}.Debug|x86.Build.0 = Debug|x86
		{3A48E77D-E401-4F7E-A587-1378860FE6EF}.Debug|x86.Deploy.0 = Debug|x86
		{3A48E77D-E401-4F7E-A587-1378860FE6EF}.Release|Any CPU.ActiveCfg = Release|x86
		{3A48E77D-E401-4F7E-A587-1378860FE6EF}.Release|ARM.ActiveCfg = Release|ARM
		{3A48E77D-E401-4F7E-A587-1378860FE6EF}.Release|ARM.Build.0 = Release|ARM
		{3A48E77D-E401-4F7E-A587-1378860FE6EF}.Release|ARM.Deploy.0 = Release|ARM
		{3A48E77D-E401-4F7E-A587-1378860FE6EF}.Release|iPhone.ActiveCfg = Release|x86
		{3A48E77D-E401-4F7E-A587-1378860FE6EF}.Release|iPhoneSimulator.ActiveCfg = Release|x86
		{3A48E77D-E401-4F7E-A587-1378860FE6EF}.Release|x64.ActiveCfg = Release|x64
		{3A48E77D-E401-4F7E-A587-1378860FE6EF}.Release|x64.Build.0 = Release|x64
		{3A48E77D-E401-4F7E-A587-1378860FE6EF}.Release|x64.Deploy.0 = Release|x64
		{3A48E77D-E401-4F7E-A587-1378860FE6EF}.Release|x86.ActiveCfg = Release|x86
		{3A48E77D-E401-4F7E-A587-1378860FE6EF}.Release|x86.Build.0 = Release|x86
		{3A48E77D-E401-4F7E-A587-1378860FE6EF}.Release|x86.Deploy.0 = Release|x86
		{704D57C4-8E23-4B49-9546-91F2BE84FCFB}.Ad-Hoc|Any CPU.ActiveCfg = Release|Any CPU
		{704D57C4-8E23-4B49-9546-91F2BE84FCFB}.Ad-Hoc|Any CPU.Build.0 = Release|Any CPU
		{704D57C4-8E23-4B49-9546-91F2BE84FCFB}.Ad-Hoc|Any CPU.Deploy.0 = Release|Any CPU
		{704D57C4-8E23-4B49-9546-91F2BE84FCFB}.Ad-Hoc|ARM.ActiveCfg = Release|ARM
		{704D57C4-8E23-4B49-9546-91F2BE84FCFB}.Ad-Hoc|ARM.Build.0 = Release|ARM
		{704D57C4-8E23-4B49-9546-91F2BE84FCFB}.Ad-Hoc|ARM.Deploy.0 = Release|ARM
		{704D57C4-8E23-4B49-9546-91F2BE84FCFB}.Ad-Hoc|iPhone.ActiveCfg = Release|Any CPU
		{704D57C4-8E23-4B49-9546-91F2BE84FCFB}.Ad-Hoc|iPhone.Build.0 = Release|Any CPU
		{704D57C4-8E23-4B49-9546-91F2BE84FCFB}.Ad-Hoc|iPhone.Deploy.0 = Release|Any CPU
		{704D57C4-8E23-4B49-9546-91F2BE84FCFB}.Ad-Hoc|iPhoneSimulator.ActiveCfg = Release|Any CPU
		{704D57C4-8E23-4B49-9546-91F2BE84FCFB}.Ad-Hoc|iPhoneSimulator.Build.0 = Release|Any CPU
		{704D57C4-8E23-4B49-9546-91F2BE84FCFB}.Ad-Hoc|iPhoneSimulator.Deploy.0 = Release|Any CPU
		{704D57C4-8E23-4B49-9546-91F2BE84FCFB}.Ad-Hoc|x64.ActiveCfg = Release|x64
		{704D57C4-8E23-4B49-9546-91F2BE84FCFB}.Ad-Hoc|x64.Build.0 = Release|x64
		{704D57C4-8E23-4B49-9546-91F2BE84FCFB}.Ad-Hoc|x64.Deploy.0 = Release|x64
		{704D57C4-8E23-4B49-9546-91F2BE84FCFB}.Ad-Hoc|x86.ActiveCfg = Release|x86
		{704D57C4-8E23-4B49-9546-91F2BE84FCFB}.Ad-Hoc|x86.Build.0 = Release|x86
		{704D57C4-8E23-4B49-9546-91F2BE84FCFB}.Ad-Hoc|x86.Deploy.0 = Release|x86
		{704D57C4-8E23-4B49-9546-91F2BE84FCFB}.AppStore|Any CPU.ActiveCfg = Release|Any CPU
		{704D57C4-8E23-4B49-9546-91F2BE84FCFB}.AppStore|Any CPU.Build.0 = Release|Any CPU
		{704D57C4-8E23-4B49-9546-91F2BE84FCFB}.AppStore|Any CPU.Deploy.0 = Release|Any CPU
		{704D57C4-8E23-4B49-9546-91F2BE84FCFB}.AppStore|ARM.ActiveCfg = Release|ARM
		{704D57C4-8E23-4B49-9546-91F2BE84FCFB}.AppStore|ARM.Build.0 = Release|ARM
		{704D57C4-8E23-4B49-9546-91F2BE84FCFB}.AppStore|ARM.Deploy.0 = Release|ARM
		{704D57C4-8E23-4B49-9546-91F2BE84FCFB}.AppStore|iPhone.ActiveCfg = Release|Any CPU
		{704D57C4-8E23-4B49-9546-91F2BE84FCFB}.AppStore|iPhone.Build.0 = Release|Any CPU
		{704D57C4-8E23-4B49-9546-91F2BE84FCFB}.AppStore|iPhone.Deploy.0 = Release|Any CPU
		{704D57C4-8E23-4B49-9546-91F2BE84FCFB}.AppStore|iPhoneSimulator.ActiveCfg = Release|Any CPU
		{704D57C4-8E23-4B49-9546-91F2BE84FCFB}.AppStore|iPhoneSimulator.Build.0 = Release|Any CPU
		{704D57C4-8E23-4B49-9546-91F2BE84FCFB}.AppStore|iPhoneSimulator.Deploy.0 = Release|Any CPU
		{704D57C4-8E23-4B49-9546-91F2BE84FCFB}.AppStore|x64.ActiveCfg = Release|x64
		{704D57C4-8E23-4B49-9546-91F2BE84FCFB}.AppStore|x64.Build.0 = Release|x64
		{704D57C4-8E23-4B49-9546-91F2BE84FCFB}.AppStore|x64.Deploy.0 = Release|x64
		{704D57C4-8E23-4B49-9546-91F2BE84FCFB}.AppStore|x86.ActiveCfg = Release|x86
		{704D57C4-8E23-4B49-9546-91F2BE84FCFB}.AppStore|x86.Build.0 = Release|x86
		{704D57C4-8E23-4B49-9546-91F2BE84FCFB}.AppStore|x86.Deploy.0 = Release|x86
		{704D57C4-8E23-4B49-9546-91F2BE84FCFB}.Debug|Any CPU.ActiveCfg = Debug|Any CPU
		{704D57C4-8E23-4B49-9546-91F2BE84FCFB}.Debug|Any CPU.Build.0 = Debug|Any CPU
		{704D57C4-8E23-4B49-9546-91F2BE84FCFB}.Debug|Any CPU.Deploy.0 = Debug|Any CPU
		{704D57C4-8E23-4B49-9546-91F2BE84FCFB}.Debug|ARM.ActiveCfg = Debug|ARM
		{704D57C4-8E23-4B49-9546-91F2BE84FCFB}.Debug|ARM.Build.0 = Debug|ARM
		{704D57C4-8E23-4B49-9546-91F2BE84FCFB}.Debug|ARM.Deploy.0 = Debug|ARM
		{704D57C4-8E23-4B49-9546-91F2BE84FCFB}.Debug|iPhone.ActiveCfg = Debug|Any CPU
		{704D57C4-8E23-4B49-9546-91F2BE84FCFB}.Debug|iPhone.Build.0 = Debug|Any CPU
		{704D57C4-8E23-4B49-9546-91F2BE84FCFB}.Debug|iPhone.Deploy.0 = Debug|Any CPU
		{704D57C4-8E23-4B49-9546-91F2BE84FCFB}.Debug|iPhoneSimulator.ActiveCfg = Debug|Any CPU
		{704D57C4-8E23-4B49-9546-91F2BE84FCFB}.Debug|iPhoneSimulator.Build.0 = Debug|Any CPU
		{704D57C4-8E23-4B49-9546-91F2BE84FCFB}.Debug|iPhoneSimulator.Deploy.0 = Debug|Any CPU
		{704D57C4-8E23-4B49-9546-91F2BE84FCFB}.Debug|x64.ActiveCfg = Debug|x64
		{704D57C4-8E23-4B49-9546-91F2BE84FCFB}.Debug|x64.Build.0 = Debug|x64
		{704D57C4-8E23-4B49-9546-91F2BE84FCFB}.Debug|x64.Deploy.0 = Debug|x64
		{704D57C4-8E23-4B49-9546-91F2BE84FCFB}.Debug|x86.ActiveCfg = Debug|x86
		{704D57C4-8E23-4B49-9546-91F2BE84FCFB}.Debug|x86.Build.0 = Debug|x86
		{704D57C4-8E23-4B49-9546-91F2BE84FCFB}.Debug|x86.Deploy.0 = Debug|x86
		{704D57C4-8E23-4B49-9546-91F2BE84FCFB}.Release|Any CPU.ActiveCfg = Release|Any CPU
		{704D57C4-8E23-4B49-9546-91F2BE84FCFB}.Release|Any CPU.Build.0 = Release|Any CPU
		{704D57C4-8E23-4B49-9546-91F2BE84FCFB}.Release|Any CPU.Deploy.0 = Release|Any CPU
		{704D57C4-8E23-4B49-9546-91F2BE84FCFB}.Release|ARM.ActiveCfg = Release|ARM
		{704D57C4-8E23-4B49-9546-91F2BE84FCFB}.Release|ARM.Build.0 = Release|ARM
		{704D57C4-8E23-4B49-9546-91F2BE84FCFB}.Release|ARM.Deploy.0 = Release|ARM
		{704D57C4-8E23-4B49-9546-91F2BE84FCFB}.Release|iPhone.ActiveCfg = Release|Any CPU
		{704D57C4-8E23-4B49-9546-91F2BE84FCFB}.Release|iPhone.Build.0 = Release|Any CPU
		{704D57C4-8E23-4B49-9546-91F2BE84FCFB}.Release|iPhone.Deploy.0 = Release|Any CPU
		{704D57C4-8E23-4B49-9546-91F2BE84FCFB}.Release|iPhoneSimulator.ActiveCfg = Release|Any CPU
		{704D57C4-8E23-4B49-9546-91F2BE84FCFB}.Release|iPhoneSimulator.Build.0 = Release|Any CPU
		{704D57C4-8E23-4B49-9546-91F2BE84FCFB}.Release|iPhoneSimulator.Deploy.0 = Release|Any CPU
		{704D57C4-8E23-4B49-9546-91F2BE84FCFB}.Release|x64.ActiveCfg = Release|x64
		{704D57C4-8E23-4B49-9546-91F2BE84FCFB}.Release|x64.Build.0 = Release|x64
		{704D57C4-8E23-4B49-9546-91F2BE84FCFB}.Release|x64.Deploy.0 = Release|x64
		{704D57C4-8E23-4B49-9546-91F2BE84FCFB}.Release|x86.ActiveCfg = Release|x86
		{704D57C4-8E23-4B49-9546-91F2BE84FCFB}.Release|x86.Build.0 = Release|x86
		{704D57C4-8E23-4B49-9546-91F2BE84FCFB}.Release|x86.Deploy.0 = Release|x86
	EndGlobalSection
	GlobalSection(SolutionProperties) = preSolution
		HideSolutionNode = FALSE
	EndGlobalSection
EndGlobal
